
Microsoft Visual Studio Solution File, Format Version 12.00
# Visual Studio Version 17
VisualStudioVersion = 17.13.35806.99 d17.13
MinimumVisualStudioVersion = 10.0.40219.1
Project("{FAE04EC0-301F-11D3-BF4B-00C04F79EFBC}") = "SilentsMod", "SilentsMod.csproj", "{8EEF518E-E6EC-3E37-0818-A49A6977A506}"
EndProject
Global
	GlobalSection(SolutionConfigurationPlatforms) = preSolution
		Debug|Any CPU = Debug|Any CPU
		Release|Any CPU = Release|Any CPU
	EndGlobalSection
	GlobalSection(ProjectConfigurationPlatforms) = postSolution
		{8EEF518E-E6EC-3E37-0818-A49A6977A506}.Debug|Any CPU.ActiveCfg = Debug|Any CPU
		{8EEF518E-E6EC-3E37-0818-A49A6977A506}.Debug|Any CPU.Build.0 = Debug|Any CPU
		{8EEF518E-E6EC-3E37-0818-A49A6977A506}.Release|Any CPU.ActiveCfg = Release|Any CPU
		{8EEF518E-E6EC-3E37-0818-A49A6977A506}.Release|Any CPU.Build.0 = Release|Any CPU
	EndGlobalSection
	GlobalSection(SolutionProperties) = preSolution
		HideSolutionNode = FALSE
	EndGlobalSection
	GlobalSection(ExtensibilityGlobals) = postSolution
		SolutionGuid = {FBEA3F37-26D8-4639-BE38-5AFE4FEC77A3}
	EndGlobalSection
EndGlobal
